// !$*UTF8*$!
{
	archiveVersion = 1;
	classes = {
	};
	objectVersion = 50;
	objects = {

/* Begin PBXBuildFile section */
		FE7A853F208E0DC100366DEE /* AppDelegate.swift in Sources */ = {isa = PBXBuildFile; fileRef = FE7A853E208E0DC100366DEE /* AppDelegate.swift */; };
		FE7A8541208E0DC100366DEE /* LaunchVC.swift in Sources */ = {isa = PBXBuildFile; fileRef = FE7A8540208E0DC100366DEE /* LaunchVC.swift */; };
		FE7A8546208E0DC200366DEE /* Assets.xcassets in Resources */ = {isa = PBXBuildFile; fileRef = FE7A8545208E0DC200366DEE /* Assets.xcassets */; };
		FE7A8549208E0DC200366DEE /* LaunchScreen.storyboard in Resources */ = {isa = PBXBuildFile; fileRef = FE7A8547208E0DC200366DEE /* LaunchScreen.storyboard */; };
		FE7A8551208E0F4000366DEE /* LaunchView.swift in Sources */ = {isa = PBXBuildFile; fileRef = FE7A8550208E0F4000366DEE /* LaunchView.swift */; };
		FE7A8553208E10D400366DEE /* WayneTopSecret.swift in Sources */ = {isa = PBXBuildFile; fileRef = FE7A8552208E10D400366DEE /* WayneTopSecret.swift */; };
/* End PBXBuildFile section */

/* Begin PBXFileReference section */
		FE7A853B208E0DC100366DEE /* WayneVillainRecognition.app */ = {isa = PBXFileReference; explicitFileType = wrapper.application; includeInIndex = 0; path = WayneVillainRecognition.app; sourceTree = BUILT_PRODUCTS_DIR; };
		FE7A853E208E0DC100366DEE /* AppDelegate.swift */ = {isa = PBXFileReference; lastKnownFileType = sourcecode.swift; path = AppDelegate.swift; sourceTree = "<group>"; };
		FE7A8540208E0DC100366DEE /* LaunchVC.swift */ = {isa = PBXFileReference; lastKnownFileType = sourcecode.swift; path = LaunchVC.swift; sourceTree = "<group>"; };
		FE7A8545208E0DC200366DEE /* Assets.xcassets */ = {isa = PBXFileReference; lastKnownFileType = folder.assetcatalog; path = Assets.xcassets; sourceTree = "<group>"; };
		FE7A8548208E0DC200366DEE /* Base */ = {isa = PBXFileReference; lastKnownFileType = file.storyboard; name = Base; path = Base.lproj/LaunchScreen.storyboard; sourceTree = "<group>"; };
		FE7A854A208E0DC200366DEE /* Info.plist */ = {isa = PBXFileReference; lastKnownFileType = text.plist.xml; path = Info.plist; sourceTree = "<group>"; };
		FE7A8550208E0F4000366DEE /* LaunchView.swift */ = {isa = PBXFileReference; lastKnownFileType = sourcecode.swift; path = LaunchView.swift; sourceTree = "<group>"; };
		FE7A8552208E10D400366DEE /* WayneTopSecret.swift */ = {isa = PBXFileReference; lastKnownFileType = sourcecode.swift; path = WayneTopSecret.swift; sourceTree = "<group>"; };
		FE7A8556208E12D400366DEE /* Wayne_Enterprise_by_RurouniVash.jpg */ = {isa = PBXFileReference; lastKnownFileType = image.jpeg; path = Wayne_Enterprise_by_RurouniVash.jpg; sourceTree = "<group>"; };
/* End PBXFileReference section */

/* Begin PBXFrameworksBuildPhase section */
		FE7A8538208E0DC100366DEE /* Frameworks */ = {
			isa = PBXFrameworksBuildPhase;
			buildActionMask = 2147483647;
			files = (
			);
			runOnlyForDeploymentPostprocessing = 0;
		};
/* End PBXFrameworksBuildPhase section */

/* Begin PBXGroup section */
		FE7A8532208E0DC100366DEE = {
			isa = PBXGroup;
			children = (
				FE7A853D208E0DC100366DEE /* WayneVillainRecognition */,
				FE7A853C208E0DC100366DEE /* Products */,
			);
			sourceTree = "<group>";
		};
		FE7A853C208E0DC100366DEE /* Products */ = {
			isa = PBXGroup;
			children = (
				FE7A853B208E0DC100366DEE /* WayneVillainRecognition.app */,
			);
			name = Products;
			sourceTree = "<group>";
		};
		FE7A853D208E0DC100366DEE /* WayneVillainRecognition */ = {
			isa = PBXGroup;
			children = (
				FE7A8555208E12BF00366DEE /* images */,
				FE7A853E208E0DC100366DEE /* AppDelegate.swift */,
				FE7A8550208E0F4000366DEE /* LaunchView.swift */,
				FE7A8540208E0DC100366DEE /* LaunchVC.swift */,
				FE7A8545208E0DC200366DEE /* Assets.xcassets */,
				FE7A8547208E0DC200366DEE /* LaunchScreen.storyboard */,
				FE7A854A208E0DC200366DEE /* Info.plist */,
				FE7A8552208E10D400366DEE /* WayneTopSecret.swift */,
			);
			path = WayneVillainRecognition;
			sourceTree = "<group>";
		};
		FE7A8555208E12BF00366DEE /* images */ = {
			isa = PBXGroup;
			children = (
				FE7A8556208E12D400366DEE /* Wayne_Enterprise_by_RurouniVash.jpg */,
			);
			path = images;
			sourceTree = "<group>";
		};
/* End PBXGroup section */

/* Begin PBXNativeTarget section */
		FE7A853A208E0DC100366DEE /* WayneVillainRecognition */ = {
			isa = PBXNativeTarget;
			buildConfigurationList = FE7A854D208E0DC200366DEE /* Build configuration list for PBXNativeTarget "WayneVillainRecognition" */;
			buildPhases = (
				FE7A8537208E0DC100366DEE /* Sources */,
				FE7A8538208E0DC100366DEE /* Frameworks */,
				FE7A8539208E0DC100366DEE /* Resources */,
			);
			buildRules = (
			);
			dependencies = (
			);
			name = WayneVillainRecognition;
			productName = WayneVillainRecognition;
			productReference = FE7A853B208E0DC100366DEE /* WayneVillainRecognition.app */;
			productType = "com.apple.product-type.application";
		};
/* End PBXNativeTarget section */

/* Begin PBXProject section */
		FE7A8533208E0DC100366DEE /* Project object */ = {
			isa = PBXProject;
			attributes = {
				LastSwiftUpdateCheck = 0930;
				LastUpgradeCheck = 0930;
				ORGANIZATIONNAME = "Rigel";
				TargetAttributes = {
					FE7A853A208E0DC100366DEE = {
						CreatedOnToolsVersion = 9.3;
					};
				};
			};
			buildConfigurationList = FE7A8536208E0DC100366DEE /* Build configuration list for PBXProject "WayneVillainRecognition" */;
			compatibilityVersion = "Xcode 9.3";
			developmentRegion = en;
			hasScannedForEncodings = 0;
			knownRegions = (
				en,
				Base,
			);
			mainGroup = FE7A8532208E0DC100366DEE;
			productRefGroup = FE7A853C208E0DC100366DEE /* Products */;
			projectDirPath = "";
			projectRoot = "";
			targets = (
				FE7A853A208E0DC100366DEE /* WayneVillainRecognition */,
			);
		};
/* End PBXProject section */

/* Begin PBXResourcesBuildPhase section */
		FE7A8539208E0DC100366DEE /* Resources */ = {
			isa = PBXResourcesBuildPhase;
			buildActionMask = 2147483647;
			files = (
				FE7A8549208E0DC200366DEE /* LaunchScreen.storyboard in Resources */,
				FE7A8546208E0DC200366DEE /* Assets.xcassets in Resources */,
			);
			runOnlyForDeploymentPostprocessing = 0;
		};
/* End PBXResourcesBuildPhase section */

/* Begin PBXSourcesBuildPhase section */
		FE7A8537208E0DC100366DEE /* Sources */ = {
			isa = PBXSourcesBuildPhase;
			buildActionMask = 2147483647;
			files = (
				FE7A8553208E10D400366DEE /* WayneTopSecret.swift in Sources */,
				FE7A8541208E0DC100366DEE /* LaunchVC.swift in Sources */,
				FE7A8551208E0F4000366DEE /* LaunchView.swift in Sources */,
				FE7A853F208E0DC100366DEE /* AppDelegate.swift in Sources */,
			);
			runOnlyForDeploymentPostprocessing = 0;
		};
/* End PBXSourcesBuildPhase section */

/* Begin PBXVariantGroup section */
		FE7A8547208E0DC200366DEE /* LaunchScreen.storyboard */ = {
			isa = PBXVariantGroup;
			children = (
				FE7A8548208E0DC200366DEE /* Base */,
			);
			name = LaunchScreen.storyboard;
			sourceTree = "<group>";
		};
/* End PBXVariantGroup section */

/* Begin XCBuildConfiguration section */
		FE7A854B208E0DC200366DEE /* Debug */ = {
			isa = XCBuildConfiguration;
			buildSettings = {
				ALWAYS_SEARCH_USER_PATHS = NO;
				CLANG_ANALYZER_NONNULL = YES;
				CLANG_ANALYZER_NUMBER_OBJECT_CONVERSION = YES_AGGRESSIVE;
				CLANG_CXX_LANGUAGE_STANDARD = "gnu++14";
				CLANG_CXX_LIBRARY = "libc++";
				CLANG_ENABLE_MODULES = YES;
				CLANG_ENABLE_OBJC_ARC = YES;
				CLANG_ENABLE_OBJC_WEAK = YES;
				CLANG_WARN_BLOCK_CAPTURE_AUTORELEASING = YES;
				CLANG_WARN_BOOL_CONVERSION = YES;
				CLANG_WARN_COMMA = YES;
				CLANG_WARN_CONSTANT_CONVERSION = YES;
				CLANG_WARN_DEPRECATED_OBJC_IMPLEMENTATIONS = YES;
				CLANG_WARN_DIRECT_OBJC_ISA_USAGE = YES_ERROR;
				CLANG_WARN_DOCUMENTATION_COMMENTS = YES;
				CLANG_WARN_EMPTY_BODY = YES;
				CLANG_WARN_ENUM_CONVERSION = YES;
				CLANG_WARN_INFINITE_RECURSION = YES;
				CLANG_WARN_INT_CONVERSION = YES;
				CLANG_WARN_NON_LITERAL_NULL_CONVERSION = YES;
				CLANG_WARN_OBJC_IMPLICIT_RETAIN_SELF = YES;
				CLANG_WARN_OBJC_LITERAL_CONVERSION = YES;
				CLANG_WARN_OBJC_ROOT_CLASS = YES_ERROR;
				CLANG_WARN_RANGE_LOOP_ANALYSIS = YES;
				CLANG_WARN_STRICT_PROTOTYPES = YES;
				CLANG_WARN_SUSPICIOUS_MOVE = YES;
				CLANG_WARN_UNGUARDED_AVAILABILITY = YES_AGGRESSIVE;
				CLANG_WARN_UNREACHABLE_CODE = YES;
				CLANG_WARN__DUPLICATE_METHOD_MATCH = YES;
				CODE_SIGN_IDENTITY = "iPhone Developer";
				COPY_PHASE_STRIP = NO;
				DEBUG_INFORMATION_FORMAT = dwarf;
				ENABLE_STRICT_OBJC_MSGSEND = YES;
				ENABLE_TESTABILITY = YES;
				GCC_C_LANGUAGE_STANDARD = gnu11;
				GCC_DYNAMIC_NO_PIC = NO;
				GCC_NO_COMMON_BLOCKS = YES;
				GCC_OPTIMIZATION_LEVEL = 0;
				GCC_PREPROCESSOR_DEFINITIONS = (
					"DEBUG=1",
					"$(inherited)",
				);
				GCC_WARN_64_TO_32_BIT_CONVERSION = YES;
				GCC_WARN_ABOUT_RETURN_TYPE = YES_ERROR;
				GCC_WARN_UNDECLARED_SELECTOR = YES;
				GCC_WARN_UNINITIALIZED_AUTOS = YES_AGGRESSIVE;
				GCC_WARN_UNUSED_FUNCTION = YES;
				GCC_WARN_UNUSED_VARIABLE = YES;
				IPHONEOS_DEPLOYMENT_TARGET = 11.3;
				MTL_ENABLE_DEBUG_INFO = YES;
				ONLY_ACTIVE_ARCH = YES;
				SDKROOT = iphoneos;
				SWIFT_ACTIVE_COMPILATION_CONDITIONS = DEBUG;
				SWIFT_OPTIMIZATION_LEVEL = "-Onone";
			};
			name = Debug;
		};
		FE7A854C208E0DC200366DEE /* Release */ = {
			isa = XCBuildConfiguration;
			buildSettings = {
				ALWAYS_SEARCH_USER_PATHS = NO;
				CLANG_ANALYZER_NONNULL = YES;
				CLANG_ANALYZER_NUMBER_OBJECT_CONVERSION = YES_AGGRESSIVE;
				CLANG_CXX_LANGUAGE_STANDARD = "gnu++14";
				CLANG_CXX_LIBRARY = "libc++";
				CLANG_ENABLE_MODULES = YES;
				CLANG_ENABLE_OBJC_ARC = YES;
				CLANG_ENABLE_OBJC_WEAK = YES;
				CLANG_WARN_BLOCK_CAPTURE_AUTORELEASING = YES;
				CLANG_WARN_BOOL_CONVERSION = YES;
				CLANG_WARN_COMMA = YES;
				CLANG_WARN_CONSTANT_CONVERSION = YES;
				CLANG_WARN_DEPRECATED_OBJC_IMPLEMENTATIONS = YES;
				CLANG_WARN_DIRECT_OBJC_ISA_USAGE = YES_ERROR;
				CLANG_WARN_DOCUMENTATION_COMMENTS = YES;
				CLANG_WARN_EMPTY_BODY = YES;
				CLANG_WARN_ENUM_CONVERSION = YES;
				CLANG_WARN_INFINITE_RECURSION = YES;
				CLANG_WARN_INT_CONVERSION = YES;
				CLANG_WARN_NON_LITERAL_NULL_CONVERSION = YES;
				CLANG_WARN_OBJC_IMPLICIT_RETAIN_SELF = YES;
				CLANG_WARN_OBJC_LITERAL_CONVERSION = YES;
				CLANG_WARN_OBJC_ROOT_CLASS = YES_ERROR;
				CLANG_WARN_RANGE_LOOP_ANALYSIS = YES;
				CLANG_WARN_STRICT_PROTOTYPES = YES;
				CLANG_WARN_SUSPICIOUS_MOVE = YES;
				CLANG_WARN_UNGUARDED_AVAILABILITY = YES_AGGRESSIVE;
				CLANG_WARN_UNREACHABLE_CODE = YES;
				CLANG_WARN__DUPLICATE_METHOD_MATCH = YES;
				CODE_SIGN_IDENTITY = "iPhone Developer";
				COPY_PHASE_STRIP = NO;
				DEBUG_INFORMATION_FORMAT = "dwarf-with-dsym";
				ENABLE_NS_ASSERTIONS = NO;
				ENABLE_STRICT_OBJC_MSGSEND = YES;
				GCC_C_LANGUAGE_STANDARD = gnu11;
				GCC_NO_COMMON_BLOCKS = YES;
				GCC_WARN_64_TO_32_BIT_CONVERSION = YES;
				GCC_WARN_ABOUT_RETURN_TYPE = YES_ERROR;
				GCC_WARN_UNDECLARED_SELECTOR = YES;
				GCC_WARN_UNINITIALIZED_AUTOS = YES_AGGRESSIVE;
				GCC_WARN_UNUSED_FUNCTION = YES;
				GCC_WARN_UNUSED_VARIABLE = YES;
				IPHONEOS_DEPLOYMENT_TARGET = 11.3;
				MTL_ENABLE_DEBUG_INFO = NO;
				SDKROOT = iphoneos;
				SWIFT_COMPILATION_MODE = wholemodule;
				SWIFT_OPTIMIZATION_LEVEL = "-O";
				VALIDATE_PRODUCT = YES;
			};
			name = Release;
		};
		FE7A854E208E0DC200366DEE /* Debug */ = {
			isa = XCBuildConfiguration;
			buildSettings = {
				ASSETCATALOG_COMPILER_APPICON_NAME = AppIcon;
				CODE_SIGN_STYLE = Automatic;
				DEVELOPMENT_TEAM = GB3732J7W2;
				INFOPLIST_FILE = WayneVillainRecognition/Info.plist;
				IPHONEOS_DEPLOYMENT_TARGET = 11.0;
				LD_RUNPATH_SEARCH_PATHS = (
					"$(inherited)",
					"@executable_path/Frameworks",
				);
				PRODUCT_BUNDLE_IDENTIFIER = "Rigel.WayneVillainRecognition";
				PRODUCT_NAME = "$(TARGET_NAME)";
				SWIFT_VERSION = 4.0;
				TARGETED_DEVICE_FAMILY = "1,2";
			};
			name = Debug;
		};
		FE7A854F208E0DC200366DEE /* Release */ = {
			isa = XCBuildConfiguration;
			buildSettings = {
				ASSETCATALOG_COMPILER_APPICON_NAME = AppIcon;
				CODE_SIGN_STYLE = Automatic;
				DEVELOPMENT_TEAM = GB3732J7W2;
				INFOPLIST_FILE = WayneVillainRecognition/Info.plist;
				IPHONEOS_DEPLOYMENT_TARGET = 11.0;
				LD_RUNPATH_SEARCH_PATHS = (
					"$(inherited)",
					"@executable_path/Frameworks",
				);
				PRODUCT_BUNDLE_IDENTIFIER = "Rigel.WayneVillainRecognition";
				PRODUCT_NAME = "$(TARGET_NAME)";
				SWIFT_VERSION = 4.0;
				TARGETED_DEVICE_FAMILY = "1,2";
			};
			name = Release;
		};
/* End XCBuildConfiguration section */

/* Begin XCConfigurationList section */
		FE7A8536208E0DC100366DEE /* Build configuration list for PBXProject "WayneVillainRecognition" */ = {
			isa = XCConfigurationList;
			buildConfigurations = (
				FE7A854B208E0DC200366DEE /* Debug */,
				FE7A854C208E0DC200366DEE /* Release */,
			);
			defaultConfigurationIsVisible = 0;
			defaultConfigurationName = Release;
		};
		FE7A854D208E0DC200366DEE /* Build configuration list for PBXNativeTarget "WayneVillainRecognition" */ = {
			isa = XCConfigurationList;
			buildConfigurations = (
				FE7A854E208E0DC200366DEE /* Debug */,
				FE7A854F208E0DC200366DEE /* Release */,
			);
			defaultConfigurationIsVisible = 0;
			defaultConfigurationName = Release;
		};
/* End XCConfigurationList section */
	};
	rootObject = FE7A8533208E0DC100366DEE /* Project object */;
}
